// !$*UTF8*$!
{
	archiveVersion = 1;
	classes = {
	};
	objectVersion = 50;
	objects = {

/* Begin PBXBuildFile section */
		BCCE0C7E2339821E00CD15E0 /* AppDelegate.swift in Sources */ = {isa = PBXBuildFile; fileRef = BCCE0C7D2339821E00CD15E0 /* AppDelegate.swift */; };
		BCCE0C802339821E00CD15E0 /* ViewController.swift in Sources */ = {isa = PBXBuildFile; fileRef = BCCE0C7F2339821E00CD15E0 /* ViewController.swift */; };
		BCCE0C832339821E00CD15E0 /* Main.storyboard in Resources */ = {isa = PBXBuildFile; fileRef = BCCE0C812339821E00CD15E0 /* Main.storyboard */; };
		BCCE0C852339821E00CD15E0 /* Assets.xcassets in Resources */ = {isa = PBXBuildFile; fileRef = BCCE0C842339821E00CD15E0 /* Assets.xcassets */; };
		BCCE0C882339821E00CD15E0 /* LaunchScreen.storyboard in Resources */ = {isa = PBXBuildFile; fileRef = BCCE0C862339821E00CD15E0 /* LaunchScreen.storyboard */; };
		BCCE0C9023398E0E00CD15E0 /* Signal.swift in Sources */ = {isa = PBXBuildFile; fileRef = BCCE0C8F23398E0E00CD15E0 /* Signal.swift */; };
/* End PBXBuildFile section */

/* Begin PBXFileReference section */
		BCCE0C7A2339821E00CD15E0 /* PIedra papel o tijeras.app */ = {isa = PBXFileReference; explicitFileType = wrapper.application; includeInIndex = 0; path = "PIedra papel o tijeras.app"; sourceTree = BUILT_PRODUCTS_DIR; };
		BCCE0C7D2339821E00CD15E0 /* AppDelegate.swift */ = {isa = PBXFileReference; lastKnownFileType = sourcecode.swift; path = AppDelegate.swift; sourceTree = "<group>"; };
		BCCE0C7F2339821E00CD15E0 /* ViewController.swift */ = {isa = PBXFileReference; lastKnownFileType = sourcecode.swift; path = ViewController.swift; sourceTree = "<group>"; };
		BCCE0C822339821E00CD15E0 /* Base */ = {isa = PBXFileReference; lastKnownFileType = file.storyboard; name = Base; path = Base.lproj/Main.storyboard; sourceTree = "<group>"; };
		BCCE0C842339821E00CD15E0 /* Assets.xcassets */ = {isa = PBXFileReference; lastKnownFileType = folder.assetcatalog; path = Assets.xcassets; sourceTree = "<group>"; };
		BCCE0C872339821E00CD15E0 /* Base */ = {isa = PBXFileReference; lastKnownFileType = file.storyboard; name = Base; path = Base.lproj/LaunchScreen.storyboard; sourceTree = "<group>"; };
		BCCE0C892339821E00CD15E0 /* Info.plist */ = {isa = PBXFileReference; lastKnownFileType = text.plist.xml; path = Info.plist; sourceTree = "<group>"; };
		BCCE0C8F23398E0E00CD15E0 /* Signal.swift */ = {isa = PBXFileReference; lastKnownFileType = sourcecode.swift; path = Signal.swift; sourceTree = "<group>"; };
/* End PBXFileReference section */

/* Begin PBXFrameworksBuildPhase section */
		BCCE0C772339821D00CD15E0 /* Frameworks */ = {
			isa = PBXFrameworksBuildPhase;
			buildActionMask = 2147483647;
			files = (
			);
			runOnlyForDeploymentPostprocessing = 0;
		};
/* End PBXFrameworksBuildPhase section */

/* Begin PBXGroup section */
		BCCE0C712339821D00CD15E0 = {
			isa = PBXGroup;
			children = (
				BCCE0C7C2339821E00CD15E0 /* PIedra papel o tijeras */,
				BCCE0C7B2339821E00CD15E0 /* Products */,
			);
			sourceTree = "<group>";
		};
		BCCE0C7B2339821E00CD15E0 /* Products */ = {
			isa = PBXGroup;
			children = (
				BCCE0C7A2339821E00CD15E0 /* PIedra papel o tijeras.app */,
			);
			name = Products;
			sourceTree = "<group>";
		};
		BCCE0C7C2339821E00CD15E0 /* PIedra papel o tijeras */ = {
			isa = PBXGroup;
			children = (
				BCCE0C7D2339821E00CD15E0 /* AppDelegate.swift */,
				BCCE0C7F2339821E00CD15E0 /* ViewController.swift */,
				BCCE0C812339821E00CD15E0 /* Main.storyboard */,
				BCCE0C842339821E00CD15E0 /* Assets.xcassets */,
				BCCE0C862339821E00CD15E0 /* LaunchScreen.storyboard */,
				BCCE0C892339821E00CD15E0 /* Info.plist */,
				BCCE0C8F23398E0E00CD15E0 /* Signal.swift */,
			);
			path = "PIedra papel o tijeras";
			sourceTree = "<group>";
		};
/* End PBXGroup section */

/* Begin PBXNativeTarget section */
		BCCE0C792339821D00CD15E0 /* PIedra papel o tijeras */ = {
			isa = PBXNativeTarget;
			buildConfigurationList = BCCE0C8C2339821E00CD15E0 /* Build configuration list for PBXNativeTarget "PIedra papel o tijeras" */;
			buildPhases = (
				BCCE0C762339821D00CD15E0 /* Sources */,
				BCCE0C772339821D00CD15E0 /* Frameworks */,
				BCCE0C782339821D00CD15E0 /* Resources */,
			);
			buildRules = (
			);
			dependencies = (
			);
			name = "PIedra papel o tijeras";
			productName = "PIedra papel o tijeras";
			productReference = BCCE0C7A2339821E00CD15E0 /* PIedra papel o tijeras.app */;
			productType = "com.apple.product-type.application";
		};
/* End PBXNativeTarget section */

/* Begin PBXProject section */
		BCCE0C722339821D00CD15E0 /* Project object */ = {
			isa = PBXProject;
			attributes = {
				LastSwiftUpdateCheck = 1030;
				LastUpgradeCheck = 1030;
				ORGANIZATIONNAME = unam;
				TargetAttributes = {
					BCCE0C792339821D00CD15E0 = {
						CreatedOnToolsVersion = 10.3;
					};
				};
			};
			buildConfigurationList = BCCE0C752339821D00CD15E0 /* Build configuration list for PBXProject "PIedra papel o tijeras" */;
			compatibilityVersion = "Xcode 9.3";
			developmentRegion = en;
			hasScannedForEncodings = 0;
			knownRegions = (
				en,
				Base,
			);
			mainGroup = BCCE0C712339821D00CD15E0;
			productRefGroup = BCCE0C7B2339821E00CD15E0 /* Products */;
			projectDirPath = "";
			projectRoot = "";
			targets = (
				BCCE0C792339821D00CD15E0 /* PIedra papel o tijeras */,
			);
		};
/* End PBXProject section */

/* Begin PBXResourcesBuildPhase section */
		BCCE0C782339821D00CD15E0 /* Resources */ = {
			isa = PBXResourcesBuildPhase;
			buildActionMask = 2147483647;
			files = (
				BCCE0C882339821E00CD15E0 /* LaunchScreen.storyboard in Resources */,
				BCCE0C852339821E00CD15E0 /* Assets.xcassets in Resources */,
				BCCE0C832339821E00CD15E0 /* Main.storyboard in Resources */,
			);
			runOnlyForDeploymentPostprocessing = 0;
		};
/* End PBXResourcesBuildPhase section */

/* Begin PBXSourcesBuildPhase section */
		BCCE0C762339821D00CD15E0 /* Sources */ = {
			isa = PBXSourcesBuildPhase;
			buildActionMask = 2147483647;
			files = (
				BCCE0C802339821E00CD15E0 /* ViewController.swift in Sources */,
				BCCE0C9023398E0E00CD15E0 /* Signal.swift in Sources */,
				BCCE0C7E2339821E00CD15E0 /* AppDelegate.swift in Sources */,
			);
			runOnlyForDeploymentPostprocessing = 0;
		};
/* End PBXSourcesBuildPhase section */

/* Begin PBXVariantGroup section */
		BCCE0C812339821E00CD15E0 /* Main.storyboard */ = {
			isa = PBXVariantGroup;
			children = (
				BCCE0C822339821E00CD15E0 /* Base */,
			);
			name = Main.storyboard;
			sourceTree = "<group>";
		};
		BCCE0C862339821E00CD15E0 /* LaunchScreen.storyboard */ = {
			isa = PBXVariantGroup;
			children = (
				BCCE0C872339821E00CD15E0 /* Base */,
			);
			name = LaunchScreen.storyboard;
			sourceTree = "<group>";
		};
/* End PBXVariantGroup section */

/* Begin XCBuildConfiguration section */
		BCCE0C8A2339821E00CD15E0 /* Debug */ = {
			isa = XCBuildConfiguration;
			buildSettings = {
				ALWAYS_SEARCH_USER_PATHS = NO;
				CLANG_ANALYZER_NONNULL = YES;
				CLANG_ANALYZER_NUMBER_OBJECT_CONVERSION = YES_AGGRESSIVE;
				CLANG_CXX_LANGUAGE_STANDARD = "gnu++14";
				CLANG_CXX_LIBRARY = "libc++";
				CLANG_ENABLE_MODULES = YES;
				CLANG_ENABLE_OBJC_ARC = YES;
				CLANG_ENABLE_OBJC_WEAK = YES;
				CLANG_WARN_BLOCK_CAPTURE_AUTORELEASING = YES;
				CLANG_WARN_BOOL_CONVERSION = YES;
				CLANG_WARN_COMMA = YES;
				CLANG_WARN_CONSTANT_CONVERSION = YES;
				CLANG_WARN_DEPRECATED_OBJC_IMPLEMENTATIONS = YES;
				CLANG_WARN_DIRECT_OBJC_ISA_USAGE = YES_ERROR;
				CLANG_WARN_DOCUMENTATION_COMMENTS = YES;
				CLANG_WARN_EMPTY_BODY = YES;
				CLANG_WARN_ENUM_CONVERSION = YES;
				CLANG_WARN_INFINITE_RECURSION = YES;
				CLANG_WARN_INT_CONVERSION = YES;
				CLANG_WARN_NON_LITERAL_NULL_CONVERSION = YES;
				CLANG_WARN_OBJC_IMPLICIT_RETAIN_SELF = YES;
				CLANG_WARN_OBJC_LITERAL_CONVERSION = YES;
				CLANG_WARN_OBJC_ROOT_CLASS = YES_ERROR;
				CLANG_WARN_RANGE_LOOP_ANALYSIS = YES;
				CLANG_WARN_STRICT_PROTOTYPES = YES;
				CLANG_WARN_SUSPICIOUS_MOVE = YES;
				CLANG_WARN_UNGUARDED_AVAILABILITY = YES_AGGRESSIVE;
				CLANG_WARN_UNREACHABLE_CODE = YES;
				CLANG_WARN__DUPLICATE_METHOD_MATCH = YES;
				CODE_SIGN_IDENTITY = "iPhone Developer";
				COPY_PHASE_STRIP = NO;
				DEBUG_INFORMATION_FORMAT = dwarf;
				ENABLE_STRICT_OBJC_MSGSEND = YES;
				ENABLE_TESTABILITY = YES;
				GCC_C_LANGUAGE_STANDARD = gnu11;
				GCC_DYNAMIC_NO_PIC = NO;
				GCC_NO_COMMON_BLOCKS = YES;
				GCC_OPTIMIZATION_LEVEL = 0;
				GCC_PREPROCESSOR_DEFINITIONS = (
					"DEBUG=1",
					"$(inherited)",
				);
				GCC_WARN_64_TO_32_BIT_CONVERSION = YES;
				GCC_WARN_ABOUT_RETURN_TYPE = YES_ERROR;
				GCC_WARN_UNDECLARED_SELECTOR = YES;
				GCC_WARN_UNINITIALIZED_AUTOS = YES_AGGRESSIVE;
				GCC_WARN_UNUSED_FUNCTION = YES;
				GCC_WARN_UNUSED_VARIABLE = YES;
				IPHONEOS_DEPLOYMENT_TARGET = 12.4;
				MTL_ENABLE_DEBUG_INFO = INCLUDE_SOURCE;
				MTL_FAST_MATH = YES;
				ONLY_ACTIVE_ARCH = YES;
				SDKROOT = iphoneos;
				SWIFT_ACTIVE_COMPILATION_CONDITIONS = DEBUG;
				SWIFT_OPTIMIZATION_LEVEL = "-Onone";
			};
			name = Debug;
		};
		BCCE0C8B2339821E00CD15E0 /* Release */ = {
			isa = XCBuildConfiguration;
			buildSettings = {
				ALWAYS_SEARCH_USER_PATHS = NO;
				CLANG_ANALYZER_NONNULL = YES;
				CLANG_ANALYZER_NUMBER_OBJECT_CONVERSION = YES_AGGRESSIVE;
				CLANG_CXX_LANGUAGE_STANDARD = "gnu++14";
				CLANG_CXX_LIBRARY = "libc++";
				CLANG_ENABLE_MODULES = YES;
				CLANG_ENABLE_OBJC_ARC = YES;
				CLANG_ENABLE_OBJC_WEAK = YES;
				CLANG_WARN_BLOCK_CAPTURE_AUTORELEASING = YES;
				CLANG_WARN_BOOL_CONVERSION = YES;
				CLANG_WARN_COMMA = YES;
				CLANG_WARN_CONSTANT_CONVERSION = YES;
				CLANG_WARN_DEPRECATED_OBJC_IMPLEMENTATIONS = YES;
				CLANG_WARN_DIRECT_OBJC_ISA_USAGE = YES_ERROR;
				CLANG_WARN_DOCUMENTATION_COMMENTS = YES;
				CLANG_WARN_EMPTY_BODY = YES;
				CLANG_WARN_ENUM_CONVERSION = YES;
				CLANG_WARN_INFINITE_RECURSION = YES;
				CLANG_WARN_INT_CONVERSION = YES;
				CLANG_WARN_NON_LITERAL_NULL_CONVERSION = YES;
				CLANG_WARN_OBJC_IMPLICIT_RETAIN_SELF = YES;
				CLANG_WARN_OBJC_LITERAL_CONVERSION = YES;
				CLANG_WARN_OBJC_ROOT_CLASS = YES_ERROR;
				CLANG_WARN_RANGE_LOOP_ANALYSIS = YES;
				CLANG_WARN_STRICT_PROTOTYPES = YES;
				CLANG_WARN_SUSPICIOUS_MOVE = YES;
				CLANG_WARN_UNGUARDED_AVAILABILITY = YES_AGGRESSIVE;
				CLANG_WARN_UNREACHABLE_CODE = YES;
				CLANG_WARN__DUPLICATE_METHOD_MATCH = YES;
				CODE_SIGN_IDENTITY = "iPhone Developer";
				COPY_PHASE_STRIP = NO;
				DEBUG_INFORMATION_FORMAT = "dwarf-with-dsym";
				ENABLE_NS_ASSERTIONS = NO;
				ENABLE_STRICT_OBJC_MSGSEND = YES;
				GCC_C_LANGUAGE_STANDARD = gnu11;
				GCC_NO_COMMON_BLOCKS = YES;
				GCC_WARN_64_TO_32_BIT_CONVERSION = YES;
				GCC_WARN_ABOUT_RETURN_TYPE = YES_ERROR;
				GCC_WARN_UNDECLARED_SELECTOR = YES;
				GCC_WARN_UNINITIALIZED_AUTOS = YES_AGGRESSIVE;
				GCC_WARN_UNUSED_FUNCTION = YES;
				GCC_WARN_UNUSED_VARIABLE = YES;
				IPHONEOS_DEPLOYMENT_TARGET = 12.4;
				MTL_ENABLE_DEBUG_INFO = NO;
				MTL_FAST_MATH = YES;
				SDKROOT = iphoneos;
				SWIFT_COMPILATION_MODE = wholemodule;
				SWIFT_OPTIMIZATION_LEVEL = "-O";
				VALIDATE_PRODUCT = YES;
			};
			name = Release;
		};
		BCCE0C8D2339821E00CD15E0 /* Debug */ = {
			isa = XCBuildConfiguration;
			buildSettings = {
				ASSETCATALOG_COMPILER_APPICON_NAME = AppIcon;
				CODE_SIGN_STYLE = Automatic;
				INFOPLIST_FILE = "PIedra papel o tijeras/Info.plist";
				LD_RUNPATH_SEARCH_PATHS = (
					"$(inherited)",
					"@executable_path/Frameworks",
				);
				PRODUCT_BUNDLE_IDENTIFIER = "unam.PIedra-papel-o-tijeras";
				PRODUCT_NAME = "$(TARGET_NAME)";
				SWIFT_VERSION = 5.0;
				TARGETED_DEVICE_FAMILY = "1,2";
			};
			name = Debug;
		};
		BCCE0C8E2339821E00CD15E0 /* Release */ = {
			isa = XCBuildConfiguration;
			buildSettings = {
				ASSETCATALOG_COMPILER_APPICON_NAME = AppIcon;
				CODE_SIGN_STYLE = Automatic;
				INFOPLIST_FILE = "PIedra papel o tijeras/Info.plist";
				LD_RUNPATH_SEARCH_PATHS = (
					"$(inherited)",
					"@executable_path/Frameworks",
				);
				PRODUCT_BUNDLE_IDENTIFIER = "unam.PIedra-papel-o-tijeras";
				PRODUCT_NAME = "$(TARGET_NAME)";
				SWIFT_VERSION = 5.0;
				TARGETED_DEVICE_FAMILY = "1,2";
			};
			name = Release;
		};
/* End XCBuildConfiguration section */

/* Begin XCConfigurationList section */
		BCCE0C752339821D00CD15E0 /* Build configuration list for PBXProject "PIedra papel o tijeras" */ = {
			isa = XCConfigurationList;
			buildConfigurations = (
				BCCE0C8A2339821E00CD15E0 /* Debug */,
				BCCE0C8B2339821E00CD15E0 /* Release */,
			);
			defaultConfigurationIsVisible = 0;
			defaultConfigurationName = Release;
		};
		BCCE0C8C2339821E00CD15E0 /* Build configuration list for PBXNativeTarget "PIedra papel o tijeras" */ = {
			isa = XCConfigurationList;
			buildConfigurations = (
				BCCE0C8D2339821E00CD15E0 /* Debug */,
				BCCE0C8E2339821E00CD15E0 /* Release */,
			);
			defaultConfigurationIsVisible = 0;
			defaultConfigurationName = Release;
		};
/* End XCConfigurationList section */
	};
	rootObject = BCCE0C722339821D00CD15E0 /* Project object */;
}
